
Microsoft Visual Studio Solution File, Format Version 12.00
# Visual Studio 15
VisualStudioVersion = 15.0.28307.645
MinimumVisualStudioVersion = 10.0.40219.1
Project("{FAE04EC0-301F-11D3-BF4B-00C04F79EFBC}") = "App01_ConsultaCEP.Android", "App01_ConsultaCEP\App01_ConsultaCEP.Android\App01_ConsultaCEP.Android.csproj", "{DC6DB06C-25B9-4274-A9B6-FF23EA30BAB7}"
EndProject
Project("{FAE04EC0-301F-11D3-BF4B-00C04F79EFBC}") = "App01_ConsultaCEP.iOS", "App01_ConsultaCEP\App01_ConsultaCEP.iOS\App01_ConsultaCEP.iOS.csproj", "{0B736729-2CF6-4F1F-A68D-906A53CEFE7C}"
EndProject
Project("{FAE04EC0-301F-11D3-BF4B-00C04F79EFBC}") = "App01_ConsultaCEP", "App01_ConsultaCEP\App01_ConsultaCEP\App01_ConsultaCEP.csproj", "{CB2945B1-33AE-42D9-A7F9-48594D4B8CF2}"
EndProject
Global
	GlobalSection(SolutionConfigurationPlatforms) = preSolution
		Ad-Hoc|Any CPU = Ad-Hoc|Any CPU
		Ad-Hoc|iPhone = Ad-Hoc|iPhone
		Ad-Hoc|iPhoneSimulator = Ad-Hoc|iPhoneSimulator
		AppStore|Any CPU = AppStore|Any CPU
		AppStore|iPhone = AppStore|iPhone
		AppStore|iPhoneSimulator = AppStore|iPhoneSimulator
		Debug|Any CPU = Debug|Any CPU
		Debug|iPhone = Debug|iPhone
		Debug|iPhoneSimulator = Debug|iPhoneSimulator
		Release|Any CPU = Release|Any CPU
		Release|iPhone = Release|iPhone
		Release|iPhoneSimulator = Release|iPhoneSimulator
	EndGlobalSection
	GlobalSection(ProjectConfigurationPlatforms) = postSolution
		{DC6DB06C-25B9-4274-A9B6-FF23EA30BAB7}.Ad-Hoc|Any CPU.ActiveCfg = Release|Any CPU
		{DC6DB06C-25B9-4274-A9B6-FF23EA30BAB7}.Ad-Hoc|Any CPU.Build.0 = Release|Any CPU
		{DC6DB06C-25B9-4274-A9B6-FF23EA30BAB7}.Ad-Hoc|Any CPU.Deploy.0 = Release|Any CPU
		{DC6DB06C-25B9-4274-A9B6-FF23EA30BAB7}.Ad-Hoc|iPhone.ActiveCfg = Release|Any CPU
		{DC6DB06C-25B9-4274-A9B6-FF23EA30BAB7}.Ad-Hoc|iPhone.Build.0 = Release|Any CPU
		{DC6DB06C-25B9-4274-A9B6-FF23EA30BAB7}.Ad-Hoc|iPhone.Deploy.0 = Release|Any CPU
		{DC6DB06C-25B9-4274-A9B6-FF23EA30BAB7}.Ad-Hoc|iPhoneSimulator.ActiveCfg = Release|Any CPU
		{DC6DB06C-25B9-4274-A9B6-FF23EA30BAB7}.Ad-Hoc|iPhoneSimulator.Build.0 = Release|Any CPU
		{DC6DB06C-25B9-4274-A9B6-FF23EA30BAB7}.Ad-Hoc|iPhoneSimulator.Deploy.0 = Release|Any CPU
		{DC6DB06C-25B9-4274-A9B6-FF23EA30BAB7}.AppStore|Any CPU.ActiveCfg = Release|Any CPU
		{DC6DB06C-25B9-4274-A9B6-FF23EA30BAB7}.AppStore|Any CPU.Build.0 = Release|Any CPU
		{DC6DB06C-25B9-4274-A9B6-FF23EA30BAB7}.AppStore|Any CPU.Deploy.0 = Release|Any CPU
		{DC6DB06C-25B9-4274-A9B6-FF23EA30BAB7}.AppStore|iPhone.ActiveCfg = Release|Any CPU
		{DC6DB06C-25B9-4274-A9B6-FF23EA30BAB7}.AppStore|iPhone.Build.0 = Release|Any CPU
		{DC6DB06C-25B9-4274-A9B6-FF23EA30BAB7}.AppStore|iPhone.Deploy.0 = Release|Any CPU
		{DC6DB06C-25B9-4274-A9B6-FF23EA30BAB7}.AppStore|iPhoneSimulator.ActiveCfg = Release|Any CPU
		{DC6DB06C-25B9-4274-A9B6-FF23EA30BAB7}.AppStore|iPhoneSimulator.Build.0 = Release|Any CPU
		{DC6DB06C-25B9-4274-A9B6-FF23EA30BAB7}.AppStore|iPhoneSimulator.Deploy.0 = Release|Any CPU
		{DC6DB06C-25B9-4274-A9B6-FF23EA30BAB7}.Debug|Any CPU.ActiveCfg = Debug|Any CPU
		{DC6DB06C-25B9-4274-A9B6-FF23EA30BAB7}.Debug|Any CPU.Build.0 = Debug|Any CPU
		{DC6DB06C-25B9-4274-A9B6-FF23EA30BAB7}.Debug|Any CPU.Deploy.0 = Debug|Any CPU
		{DC6DB06C-25B9-4274-A9B6-FF23EA30BAB7}.Debug|iPhone.ActiveCfg = Debug|Any CPU
		{DC6DB06C-25B9-4274-A9B6-FF23EA30BAB7}.Debug|iPhone.Build.0 = Debug|Any CPU
		{DC6DB06C-25B9-4274-A9B6-FF23EA30BAB7}.Debug|iPhone.Deploy.0 = Debug|Any CPU
		{DC6DB06C-25B9-4274-A9B6-FF23EA30BAB7}.Debug|iPhoneSimulator.ActiveCfg = Debug|Any CPU
		{DC6DB06C-25B9-4274-A9B6-FF23EA30BAB7}.Debug|iPhoneSimulator.Build.0 = Debug|Any CPU
		{DC6DB06C-25B9-4274-A9B6-FF23EA30BAB7}.Debug|iPhoneSimulator.Deploy.0 = Debug|Any CPU
		{DC6DB06C-25B9-4274-A9B6-FF23EA30BAB7}.Release|Any CPU.ActiveCfg = Release|Any CPU
		{DC6DB06C-25B9-4274-A9B6-FF23EA30BAB7}.Release|Any CPU.Build.0 = Release|Any CPU
		{DC6DB06C-25B9-4274-A9B6-FF23EA30BAB7}.Release|Any CPU.Deploy.0 = Release|Any CPU
		{DC6DB06C-25B9-4274-A9B6-FF23EA30BAB7}.Release|iPhone.ActiveCfg = Release|Any CPU
		{DC6DB06C-25B9-4274-A9B6-FF23EA30BAB7}.Release|iPhone.Build.0 = Release|Any CPU
		{DC6DB06C-25B9-4274-A9B6-FF23EA30BAB7}.Release|iPhone.Deploy.0 = Release|Any CPU
		{DC6DB06C-25B9-4274-A9B6-FF23EA30BAB7}.Release|iPhoneSimulator.ActiveCfg = Release|Any CPU
		{DC6DB06C-25B9-4274-A9B6-FF23EA30BAB7}.Release|iPhoneSimulator.Build.0 = Release|Any CPU
		{DC6DB06C-25B9-4274-A9B6-FF23EA30BAB7}.Release|iPhoneSimulator.Deploy.0 = Release|Any CPU
		{0B736729-2CF6-4F1F-A68D-906A53CEFE7C}.Ad-Hoc|Any CPU.ActiveCfg = Ad-Hoc|iPhone
		{0B736729-2CF6-4F1F-A68D-906A53CEFE7C}.Ad-Hoc|Any CPU.Build.0 = Ad-Hoc|iPhone
		{0B736729-2CF6-4F1F-A68D-906A53CEFE7C}.Ad-Hoc|Any CPU.Deploy.0 = Ad-Hoc|iPhone
		{0B736729-2CF6-4F1F-A68D-906A53CEFE7C}.Ad-Hoc|iPhone.ActiveCfg = Ad-Hoc|iPhone
		{0B736729-2CF6-4F1F-A68D-906A53CEFE7C}.Ad-Hoc|iPhone.Build.0 = Ad-Hoc|iPhone
		{0B736729-2CF6-4F1F-A68D-906A53CEFE7C}.Ad-Hoc|iPhone.Deploy.0 = Ad-Hoc|iPhone
		{0B736729-2CF6-4F1F-A68D-906A53CEFE7C}.Ad-Hoc|iPhoneSimulator.ActiveCfg = Ad-Hoc|iPhoneSimulator
		{0B736729-2CF6-4F1F-A68D-906A53CEFE7C}.Ad-Hoc|iPhoneSimulator.Build.0 = Ad-Hoc|iPhoneSimulator
		{0B736729-2CF6-4F1F-A68D-906A53CEFE7C}.Ad-Hoc|iPhoneSimulator.Deploy.0 = Ad-Hoc|iPhoneSimulator
		{0B736729-2CF6-4F1F-A68D-906A53CEFE7C}.AppStore|Any CPU.ActiveCfg = AppStore|iPhone
		{0B736729-2CF6-4F1F-A68D-906A53CEFE7C}.AppStore|Any CPU.Build.0 = AppStore|iPhone
		{0B736729-2CF6-4F1F-A68D-906A53CEFE7C}.AppStore|Any CPU.Deploy.0 = AppStore|iPhone
		{0B736729-2CF6-4F1F-A68D-906A53CEFE7C}.AppStore|iPhone.ActiveCfg = AppStore|iPhone
		{0B736729-2CF6-4F1F-A68D-906A53CEFE7C}.AppStore|iPhone.Build.0 = AppStore|iPhone
		{0B736729-2CF6-4F1F-A68D-906A53CEFE7C}.AppStore|iPhone.Deploy.0 = AppStore|iPhone
		{0B736729-2CF6-4F1F-A68D-906A53CEFE7C}.AppStore|iPhoneSimulator.ActiveCfg = AppStore|iPhoneSimulator
		{0B736729-2CF6-4F1F-A68D-906A53CEFE7C}.AppStore|iPhoneSimulator.Build.0 = AppStore|iPhoneSimulator
		{0B736729-2CF6-4F1F-A68D-906A53CEFE7C}.AppStore|iPhoneSimulator.Deploy.0 = AppStore|iPhoneSimulator
		{0B736729-2CF6-4F1F-A68D-906A53CEFE7C}.Debug|Any CPU.ActiveCfg = Debug|iPhoneSimulator
		{0B736729-2CF6-4F1F-A68D-906A53CEFE7C}.Debug|Any CPU.Build.0 = Debug|iPhoneSimulator
		{0B736729-2CF6-4F1F-A68D-906A53CEFE7C}.Debug|Any CPU.Deploy.0 = Debug|iPhoneSimulator
		{0B736729-2CF6-4F1F-A68D-906A53CEFE7C}.Debug|iPhone.ActiveCfg = Debug|iPhone
		{0B736729-2CF6-4F1F-A68D-906A53CEFE7C}.Debug|iPhone.Build.0 = Debug|iPhone
		{0B736729-2CF6-4F1F-A68D-906A53CEFE7C}.Debug|iPhone.Deploy.0 = Debug|iPhone
		{0B736729-2CF6-4F1F-A68D-906A53CEFE7C}.Debug|iPhoneSimulator.ActiveCfg = Debug|iPhoneSimulator
		{0B736729-2CF6-4F1F-A68D-906A53CEFE7C}.Debug|iPhoneSimulator.Build.0 = Debug|iPhoneSimulator
		{0B736729-2CF6-4F1F-A68D-906A53CEFE7C}.Debug|iPhoneSimulator.Deploy.0 = Debug|iPhoneSimulator
		{0B736729-2CF6-4F1F-A68D-906A53CEFE7C}.Release|Any CPU.ActiveCfg = Release|iPhone
		{0B736729-2CF6-4F1F-A68D-906A53CEFE7C}.Release|Any CPU.Build.0 = Release|iPhone
		{0B736729-2CF6-4F1F-A68D-906A53CEFE7C}.Release|Any CPU.Deploy.0 = Release|iPhone
		{0B736729-2CF6-4F1F-A68D-906A53CEFE7C}.Release|iPhone.ActiveCfg = Release|iPhone
		{0B736729-2CF6-4F1F-A68D-906A53CEFE7C}.Release|iPhone.Build.0 = Release|iPhone
		{0B736729-2CF6-4F1F-A68D-906A53CEFE7C}.Release|iPhone.Deploy.0 = Release|iPhone
		{0B736729-2CF6-4F1F-A68D-906A53CEFE7C}.Release|iPhoneSimulator.ActiveCfg = Release|iPhoneSimulator
		{0B736729-2CF6-4F1F-A68D-906A53CEFE7C}.Release|iPhoneSimulator.Build.0 = Release|iPhoneSimulator
		{0B736729-2CF6-4F1F-A68D-906A53CEFE7C}.Release|iPhoneSimulator.Deploy.0 = Release|iPhoneSimulator
		{CB2945B1-33AE-42D9-A7F9-48594D4B8CF2}.Ad-Hoc|Any CPU.ActiveCfg = Debug|Any CPU
		{CB2945B1-33AE-42D9-A7F9-48594D4B8CF2}.Ad-Hoc|Any CPU.Build.0 = Debug|Any CPU
		{CB2945B1-33AE-42D9-A7F9-48594D4B8CF2}.Ad-Hoc|Any CPU.Deploy.0 = Debug|Any CPU
		{CB2945B1-33AE-42D9-A7F9-48594D4B8CF2}.Ad-Hoc|iPhone.ActiveCfg = Debug|Any CPU
		{CB2945B1-33AE-42D9-A7F9-48594D4B8CF2}.Ad-Hoc|iPhone.Build.0 = Debug|Any CPU
		{CB2945B1-33AE-42D9-A7F9-48594D4B8CF2}.Ad-Hoc|iPhone.Deploy.0 = Debug|Any CPU
		{CB2945B1-33AE-42D9-A7F9-48594D4B8CF2}.Ad-Hoc|iPhoneSimulator.ActiveCfg = Debug|Any CPU
		{CB2945B1-33AE-42D9-A7F9-48594D4B8CF2}.Ad-Hoc|iPhoneSimulator.Build.0 = Debug|Any CPU
		{CB2945B1-33AE-42D9-A7F9-48594D4B8CF2}.Ad-Hoc|iPhoneSimulator.Deploy.0 = Debug|Any CPU
		{CB2945B1-33AE-42D9-A7F9-48594D4B8CF2}.AppStore|Any CPU.ActiveCfg = Debug|Any CPU
		{CB2945B1-33AE-42D9-A7F9-48594D4B8CF2}.AppStore|Any CPU.Build.0 = Debug|Any CPU
		{CB2945B1-33AE-42D9-A7F9-48594D4B8CF2}.AppStore|Any CPU.Deploy.0 = Debug|Any CPU
		{CB2945B1-33AE-42D9-A7F9-48594D4B8CF2}.AppStore|iPhone.ActiveCfg = Debug|Any CPU
		{CB2945B1-33AE-42D9-A7F9-48594D4B8CF2}.AppStore|iPhone.Build.0 = Debug|Any CPU
		{CB2945B1-33AE-42D9-A7F9-48594D4B8CF2}.AppStore|iPhone.Deploy.0 = Debug|Any CPU
		{CB2945B1-33AE-42D9-A7F9-48594D4B8CF2}.AppStore|iPhoneSimulator.ActiveCfg = Debug|Any CPU
		{CB2945B1-33AE-42D9-A7F9-48594D4B8CF2}.AppStore|iPhoneSimulator.Build.0 = Debug|Any CPU
		{CB2945B1-33AE-42D9-A7F9-48594D4B8CF2}.AppStore|iPhoneSimulator.Deploy.0 = Debug|Any CPU
		{CB2945B1-33AE-42D9-A7F9-48594D4B8CF2}.Debug|Any CPU.ActiveCfg = Debug|Any CPU
		{CB2945B1-33AE-42D9-A7F9-48594D4B8CF2}.Debug|Any CPU.Build.0 = Debug|Any CPU
		{CB2945B1-33AE-42D9-A7F9-48594D4B8CF2}.Debug|Any CPU.Deploy.0 = Debug|Any CPU
		{CB2945B1-33AE-42D9-A7F9-48594D4B8CF2}.Debug|iPhone.ActiveCfg = Debug|Any CPU
		{CB2945B1-33AE-42D9-A7F9-48594D4B8CF2}.Debug|iPhone.Build.0 = Debug|Any CPU
		{CB2945B1-33AE-42D9-A7F9-48594D4B8CF2}.Debug|iPhone.Deploy.0 = Debug|Any CPU
		{CB2945B1-33AE-42D9-A7F9-48594D4B8CF2}.Debug|iPhoneSimulator.ActiveCfg = Debug|Any CPU
		{CB2945B1-33AE-42D9-A7F9-48594D4B8CF2}.Debug|iPhoneSimulator.Build.0 = Debug|Any CPU
		{CB2945B1-33AE-42D9-A7F9-48594D4B8CF2}.Debug|iPhoneSimulator.Deploy.0 = Debug|Any CPU
		{CB2945B1-33AE-42D9-A7F9-48594D4B8CF2}.Release|Any CPU.ActiveCfg = Release|Any CPU
		{CB2945B1-33AE-42D9-A7F9-48594D4B8CF2}.Release|Any CPU.Build.0 = Release|Any CPU
		{CB2945B1-33AE-42D9-A7F9-48594D4B8CF2}.Release|Any CPU.Deploy.0 = Release|Any CPU
		{CB2945B1-33AE-42D9-A7F9-48594D4B8CF2}.Release|iPhone.ActiveCfg = Release|Any CPU
		{CB2945B1-33AE-42D9-A7F9-48594D4B8CF2}.Release|iPhone.Build.0 = Release|Any CPU
		{CB2945B1-33AE-42D9-A7F9-48594D4B8CF2}.Release|iPhone.Deploy.0 = Release|Any CPU
		{CB2945B1-33AE-42D9-A7F9-48594D4B8CF2}.Release|iPhoneSimulator.ActiveCfg = Release|Any CPU
		{CB2945B1-33AE-42D9-A7F9-48594D4B8CF2}.Release|iPhoneSimulator.Build.0 = Release|Any CPU
		{CB2945B1-33AE-42D9-A7F9-48594D4B8CF2}.Release|iPhoneSimulator.Deploy.0 = Release|Any CPU
	EndGlobalSection
	GlobalSection(SolutionProperties) = preSolution
		HideSolutionNode = FALSE
	EndGlobalSection
	GlobalSection(ExtensibilityGlobals) = postSolution
		SolutionGuid = {60EE9731-4C72-4977-894E-5586D90A438D}
	EndGlobalSection
EndGlobal
